
Microsoft Visual Studio Solution File, Format Version 12.00
# Visual Studio 15
VisualStudioVersion = 15.0.27703.2035
MinimumVisualStudioVersion = 10.0.40219.1
Project("{FAE04EC0-301F-11D3-BF4B-00C04F79EFBC}") = "Lab3", "Lab3\Lab3.csproj", "{D066687F-2E78-4983-BD95-B4392625328A}"
EndProject
Global
	GlobalSection(SolutionConfigurationPlatforms) = preSolution
		Debug|Any CPU = Debug|Any CPU
		Release|Any CPU = Release|Any CPU
	EndGlobalSection
	GlobalSection(ProjectConfigurationPlatforms) = postSolution
		{D066687F-2E78-4983-BD95-B4392625328A}.Debug|Any CPU.ActiveCfg = Debug|Any CPU
		{D066687F-2E78-4983-BD95-B4392625328A}.Debug|Any CPU.Build.0 = Debug|Any CPU
		{D066687F-2E78-4983-BD95-B4392625328A}.Release|Any CPU.ActiveCfg = Release|Any CPU
		{D066687F-2E78-4983-BD95-B4392625328A}.Release|Any CPU.Build.0 = Release|Any CPU
	EndGlobalSection
	GlobalSection(SolutionProperties) = preSolution
		HideSolutionNode = FALSE
	EndGlobalSection
	GlobalSection(ExtensibilityGlobals) = postSolution
		SolutionGuid = {0857DA56-2386-497B-B10D-6D4170258431}
	EndGlobalSection
EndGlobal
